// !$*UTF8*$!
{
	archiveVersion = 1;
	classes = {
	};
	objectVersion = 46;
	objects = {

/* Begin PBXBuildFile section */
		E02D2CB11A327B7B00823B2E /* libassimp.3.1.1.dylib in Frameworks */ = {isa = PBXBuildFile; fileRef = E02D2CB01A327B7B00823B2E /* libassimp.3.1.1.dylib */; };
		E02D2CB21A327B9600823B2E /* shader.vertex in CopyFiles */ = {isa = PBXBuildFile; fileRef = E03BF5D51A3279BA001BBF38 /* shader.vertex */; };
		E02D2CB31A327B9800823B2E /* shader.fragment in CopyFiles */ = {isa = PBXBuildFile; fileRef = E02D2CAC1A3279D200823B2E /* shader.fragment */; };
		E02EDEE21A2E507B009467C7 /* lodepng.cpp in Sources */ = {isa = PBXBuildFile; fileRef = E02EDEE01A2E507B009467C7 /* lodepng.cpp */; };
		E0484E361A2766080032978D /* GLUtils.cpp in Sources */ = {isa = PBXBuildFile; fileRef = E0484E331A2766080032978D /* GLUtils.cpp */; };
		E0484E391A27662E0032978D /* CoreVideo.framework in Frameworks */ = {isa = PBXBuildFile; fileRef = E0484E381A27662E0032978D /* CoreVideo.framework */; };
		E0484E3B1A2766320032978D /* OpenGL.framework in Frameworks */ = {isa = PBXBuildFile; fileRef = E0484E3A1A2766320032978D /* OpenGL.framework */; };
		E0484E3D1A2766360032978D /* GLUT.framework in Frameworks */ = {isa = PBXBuildFile; fileRef = E0484E3C1A2766360032978D /* GLUT.framework */; };
		E0484E3F1A2766400032978D /* AppKit.framework in Frameworks */ = {isa = PBXBuildFile; fileRef = E0484E3E1A2766400032978D /* AppKit.framework */; };
		E0484E411A2766450032978D /* IOKit.framework in Frameworks */ = {isa = PBXBuildFile; fileRef = E0484E401A2766450032978D /* IOKit.framework */; };
		E0484E431A2766480032978D /* Cocoa.framework in Frameworks */ = {isa = PBXBuildFile; fileRef = E0484E421A2766480032978D /* Cocoa.framework */; };
		E0484E451A2766650032978D /* libGLEW.a in Frameworks */ = {isa = PBXBuildFile; fileRef = E0484E441A2766650032978D /* libGLEW.a */; };
		E0484E471A2766790032978D /* libglfw3.3.0.dylib in Frameworks */ = {isa = PBXBuildFile; fileRef = E0484E461A2766790032978D /* libglfw3.3.0.dylib */; };
		E08F89681A336FD700C8967F /* scene.obj in CopyFiles */ = {isa = PBXBuildFile; fileRef = E08F89671A336FD200C8967F /* scene.obj */; };
		E0A189FF1A3C7DF1001B9A52 /* sphere.obj in CopyFiles */ = {isa = PBXBuildFile; fileRef = E0A189FE1A3C7D93001B9A52 /* sphere.obj */; };
		E0A18A001A3C8009001B9A52 /* deferred.vertex in CopyFiles */ = {isa = PBXBuildFile; fileRef = E0F7E75D1A3C607400A708D6 /* deferred.vertex */; };
		E0A18A011A3C800A001B9A52 /* deferred.fragment in CopyFiles */ = {isa = PBXBuildFile; fileRef = E0A189FD1A3C608C001B9A52 /* deferred.fragment */; };
		E0A18A031A3CA2CB001B9A52 /* scene3.obj in CopyFiles */ = {isa = PBXBuildFile; fileRef = E0A18A021A3CA2C7001B9A52 /* scene3.obj */; };
		E0A1AD051A33E4AB00BFB014 /* shadow.vertex in CopyFiles */ = {isa = PBXBuildFile; fileRef = E0147ED61A337CCE009D9439 /* shadow.vertex */; };
		E0A1AD061A33E4AC00BFB014 /* shadow.fragment in CopyFiles */ = {isa = PBXBuildFile; fileRef = E0147ED71A337CD4009D9439 /* shadow.fragment */; };
		E0A1AD0A1A33EFB000BFB014 /* scene2.obj in CopyFiles */ = {isa = PBXBuildFile; fileRef = E0A1AD091A33EFAC00BFB014 /* scene2.obj */; };
		E0D358AF1A326BE900E1CA5F /* main.cpp in Sources */ = {isa = PBXBuildFile; fileRef = E0D358AE1A326BE900E1CA5F /* main.cpp */; };
/* End PBXBuildFile section */

/* Begin PBXCopyFilesBuildPhase section */
		E0484E191A27631B0032978D /* CopyFiles */ = {
			isa = PBXCopyFilesBuildPhase;
			buildActionMask = 12;
			dstPath = "";
			dstSubfolderSpec = 16;
			files = (
				E0A1AD061A33E4AC00BFB014 /* shadow.fragment in CopyFiles */,
				E0A18A031A3CA2CB001B9A52 /* scene3.obj in CopyFiles */,
				E0A1AD0A1A33EFB000BFB014 /* scene2.obj in CopyFiles */,
				E0A189FF1A3C7DF1001B9A52 /* sphere.obj in CopyFiles */,
				E0A18A001A3C8009001B9A52 /* deferred.vertex in CopyFiles */,
				E0A18A011A3C800A001B9A52 /* deferred.fragment in CopyFiles */,
				E0A1AD051A33E4AB00BFB014 /* shadow.vertex in CopyFiles */,
				E02D2CB21A327B9600823B2E /* shader.vertex in CopyFiles */,
				E02D2CB31A327B9800823B2E /* shader.fragment in CopyFiles */,
				E08F89681A336FD700C8967F /* scene.obj in CopyFiles */,
			);
			runOnlyForDeploymentPostprocessing = 0;
		};
/* End PBXCopyFilesBuildPhase section */

/* Begin PBXFileReference section */
		E0147ED61A337CCE009D9439 /* shadow.vertex */ = {isa = PBXFileReference; fileEncoding = 4; lastKnownFileType = sourcecode.glsl; path = shadow.vertex; sourceTree = "<group>"; };
		E0147ED71A337CD4009D9439 /* shadow.fragment */ = {isa = PBXFileReference; fileEncoding = 4; lastKnownFileType = sourcecode.glsl; path = shadow.fragment; sourceTree = "<group>"; };
		E01FB2FE1A350EEC0061B5AD /* Material.h */ = {isa = PBXFileReference; lastKnownFileType = sourcecode.c.h; path = Material.h; sourceTree = "<group>"; };
		E02D2CAC1A3279D200823B2E /* shader.fragment */ = {isa = PBXFileReference; fileEncoding = 4; lastKnownFileType = sourcecode.glsl; path = shader.fragment; sourceTree = "<group>"; };
		E02D2CB01A327B7B00823B2E /* libassimp.3.1.1.dylib */ = {isa = PBXFileReference; lastKnownFileType = "compiled.mach-o.dylib"; name = libassimp.3.1.1.dylib; path = ../../../../../../usr/local/Cellar/assimp/3.1.1/lib/libassimp.3.1.1.dylib; sourceTree = "<group>"; };
		E02D2CB51A3281F400823B2E /* Camera.h */ = {isa = PBXFileReference; lastKnownFileType = sourcecode.c.h; path = Camera.h; sourceTree = "<group>"; };
		E02EDEE01A2E507B009467C7 /* lodepng.cpp */ = {isa = PBXFileReference; fileEncoding = 4; lastKnownFileType = sourcecode.cpp.cpp; path = lodepng.cpp; sourceTree = "<group>"; };
		E02EDEE11A2E507B009467C7 /* lodepng.h */ = {isa = PBXFileReference; fileEncoding = 4; lastKnownFileType = sourcecode.c.h; path = lodepng.h; sourceTree = "<group>"; };
		E03BF5D21A326C30001BBF38 /* Shader.h */ = {isa = PBXFileReference; lastKnownFileType = sourcecode.c.h; path = Shader.h; sourceTree = "<group>"; };
		E03BF5D31A326E63001BBF38 /* Program.h */ = {isa = PBXFileReference; lastKnownFileType = sourcecode.c.h; path = Program.h; sourceTree = "<group>"; };
		E03BF5D41A32709B001BBF38 /* Mesh.h */ = {isa = PBXFileReference; lastKnownFileType = sourcecode.c.h; path = Mesh.h; sourceTree = "<group>"; };
		E03BF5D51A3279BA001BBF38 /* shader.vertex */ = {isa = PBXFileReference; fileEncoding = 4; lastKnownFileType = sourcecode.glsl; path = shader.vertex; sourceTree = "<group>"; };
		E0484E1B1A27631B0032978D /* GameEngine */ = {isa = PBXFileReference; explicitFileType = "compiled.mach-o.executable"; includeInIndex = 0; path = GameEngine; sourceTree = BUILT_PRODUCTS_DIR; };
		E0484E331A2766080032978D /* GLUtils.cpp */ = {isa = PBXFileReference; fileEncoding = 4; lastKnownFileType = sourcecode.cpp.cpp; path = GLUtils.cpp; sourceTree = "<group>"; };
		E0484E341A2766080032978D /* GLUtils.h */ = {isa = PBXFileReference; fileEncoding = 4; lastKnownFileType = sourcecode.c.h; path = GLUtils.h; sourceTree = "<group>"; };
		E0484E381A27662E0032978D /* CoreVideo.framework */ = {isa = PBXFileReference; lastKnownFileType = wrapper.framework; name = CoreVideo.framework; path = System/Library/Frameworks/CoreVideo.framework; sourceTree = SDKROOT; };
		E0484E3A1A2766320032978D /* OpenGL.framework */ = {isa = PBXFileReference; lastKnownFileType = wrapper.framework; name = OpenGL.framework; path = System/Library/Frameworks/OpenGL.framework; sourceTree = SDKROOT; };
		E0484E3C1A2766360032978D /* GLUT.framework */ = {isa = PBXFileReference; lastKnownFileType = wrapper.framework; name = GLUT.framework; path = System/Library/Frameworks/GLUT.framework; sourceTree = SDKROOT; };
		E0484E3E1A2766400032978D /* AppKit.framework */ = {isa = PBXFileReference; lastKnownFileType = wrapper.framework; name = AppKit.framework; path = System/Library/Frameworks/AppKit.framework; sourceTree = SDKROOT; };
		E0484E401A2766450032978D /* IOKit.framework */ = {isa = PBXFileReference; lastKnownFileType = wrapper.framework; name = IOKit.framework; path = System/Library/Frameworks/IOKit.framework; sourceTree = SDKROOT; };
		E0484E421A2766480032978D /* Cocoa.framework */ = {isa = PBXFileReference; lastKnownFileType = wrapper.framework; name = Cocoa.framework; path = System/Library/Frameworks/Cocoa.framework; sourceTree = SDKROOT; };
		E0484E441A2766650032978D /* libGLEW.a */ = {isa = PBXFileReference; lastKnownFileType = archive.ar; name = libGLEW.a; path = ../../../../../../usr/local/Cellar/glew/1.11.0/lib/libGLEW.a; sourceTree = "<group>"; };
		E0484E461A2766790032978D /* libglfw3.3.0.dylib */ = {isa = PBXFileReference; lastKnownFileType = "compiled.mach-o.dylib"; name = libglfw3.3.0.dylib; path = ../../../../../../usr/local/Cellar/glfw3/3.0.4/lib/libglfw3.3.0.dylib; sourceTree = "<group>"; };
		E08F89671A336FD200C8967F /* scene.obj */ = {isa = PBXFileReference; fileEncoding = 4; lastKnownFileType = text; name = scene.obj; path = ../../../../../scene.obj; sourceTree = "<group>"; };
		E0A189FD1A3C608C001B9A52 /* deferred.fragment */ = {isa = PBXFileReference; fileEncoding = 4; lastKnownFileType = sourcecode.glsl; path = deferred.fragment; sourceTree = "<group>"; };
		E0A189FE1A3C7D93001B9A52 /* sphere.obj */ = {isa = PBXFileReference; fileEncoding = 4; lastKnownFileType = text; name = sphere.obj; path = ../../../../../sphere.obj; sourceTree = "<group>"; };
		E0A18A021A3CA2C7001B9A52 /* scene3.obj */ = {isa = PBXFileReference; fileEncoding = 4; lastKnownFileType = text; name = scene3.obj; path = ../../../../../scene3.obj; sourceTree = "<group>"; };
		E0A1AD041A33DB3E00BFB014 /* Light.h */ = {isa = PBXFileReference; lastKnownFileType = sourcecode.c.h; path = Light.h; sourceTree = "<group>"; };
		E0A1AD091A33EFAC00BFB014 /* scene2.obj */ = {isa = PBXFileReference; fileEncoding = 4; lastKnownFileType = text; name = scene2.obj; path = ../../../../../scene2.obj; sourceTree = "<group>"; };
		E0D358AE1A326BE900E1CA5F /* main.cpp */ = {isa = PBXFileReference; fileEncoding = 4; lastKnownFileType = sourcecode.cpp.cpp; path = main.cpp; sourceTree = "<group>"; };
		E0F7E75C1A3C5BDC00A708D6 /* GBuffer.h */ = {isa = PBXFileReference; lastKnownFileType = sourcecode.c.h; path = GBuffer.h; sourceTree = "<group>"; };
		E0F7E75D1A3C607400A708D6 /* deferred.vertex */ = {isa = PBXFileReference; fileEncoding = 4; lastKnownFileType = sourcecode.glsl; path = deferred.vertex; sourceTree = "<group>"; };
/* End PBXFileReference section */

/* Begin PBXFrameworksBuildPhase section */
		E0484E181A27631B0032978D /* Frameworks */ = {
			isa = PBXFrameworksBuildPhase;
			buildActionMask = 2147483647;
			files = (
				E02D2CB11A327B7B00823B2E /* libassimp.3.1.1.dylib in Frameworks */,
				E0484E471A2766790032978D /* libglfw3.3.0.dylib in Frameworks */,
				E0484E451A2766650032978D /* libGLEW.a in Frameworks */,
				E0484E431A2766480032978D /* Cocoa.framework in Frameworks */,
				E0484E411A2766450032978D /* IOKit.framework in Frameworks */,
				E0484E3F1A2766400032978D /* AppKit.framework in Frameworks */,
				E0484E3D1A2766360032978D /* GLUT.framework in Frameworks */,
				E0484E3B1A2766320032978D /* OpenGL.framework in Frameworks */,
				E0484E391A27662E0032978D /* CoreVideo.framework in Frameworks */,
			);
			runOnlyForDeploymentPostprocessing = 0;
		};
/* End PBXFrameworksBuildPhase section */

/* Begin PBXGroup section */
		E02D2CAD1A3279DA00823B2E /* shaders */ = {
			isa = PBXGroup;
			children = (
				E03BF5D51A3279BA001BBF38 /* shader.vertex */,
				E02D2CAC1A3279D200823B2E /* shader.fragment */,
				E0147ED61A337CCE009D9439 /* shadow.vertex */,
				E0147ED71A337CD4009D9439 /* shadow.fragment */,
				E0F7E75D1A3C607400A708D6 /* deferred.vertex */,
				E0A189FD1A3C608C001B9A52 /* deferred.fragment */,
			);
			name = shaders;
			sourceTree = "<group>";
		};
		E02D2CAE1A327B1000823B2E /* resources */ = {
			isa = PBXGroup;
			children = (
				E0A18A021A3CA2C7001B9A52 /* scene3.obj */,
				E0A189FE1A3C7D93001B9A52 /* sphere.obj */,
				E0A1AD091A33EFAC00BFB014 /* scene2.obj */,
				E08F89671A336FD200C8967F /* scene.obj */,
			);
			name = resources;
			sourceTree = "<group>";
		};
		E0484E121A27631B0032978D = {
			isa = PBXGroup;
			children = (
				E02D2CB01A327B7B00823B2E /* libassimp.3.1.1.dylib */,
				E0484E461A2766790032978D /* libglfw3.3.0.dylib */,
				E0484E441A2766650032978D /* libGLEW.a */,
				E0484E421A2766480032978D /* Cocoa.framework */,
				E0484E401A2766450032978D /* IOKit.framework */,
				E0484E3E1A2766400032978D /* AppKit.framework */,
				E0484E3C1A2766360032978D /* GLUT.framework */,
				E0484E3A1A2766320032978D /* OpenGL.framework */,
				E0484E381A27662E0032978D /* CoreVideo.framework */,
				E0484E321A2766080032978D /* GLUtils */,
				E0484E1D1A27631B0032978D /* GameEngine */,
				E0484E1C1A27631B0032978D /* Products */,
			);
			sourceTree = "<group>";
		};
		E0484E1C1A27631B0032978D /* Products */ = {
			isa = PBXGroup;
			children = (
				E0484E1B1A27631B0032978D /* GameEngine */,
			);
			name = Products;
			sourceTree = "<group>";
		};
		E0484E1D1A27631B0032978D /* GameEngine */ = {
			isa = PBXGroup;
			children = (
				E02D2CAE1A327B1000823B2E /* resources */,
				E02D2CAD1A3279DA00823B2E /* shaders */,
				E0D358AE1A326BE900E1CA5F /* main.cpp */,
				E0F7E75C1A3C5BDC00A708D6 /* GBuffer.h */,
				E03BF5D21A326C30001BBF38 /* Shader.h */,
				E03BF5D31A326E63001BBF38 /* Program.h */,
				E03BF5D41A32709B001BBF38 /* Mesh.h */,
				E02D2CB51A3281F400823B2E /* Camera.h */,
				E0A1AD041A33DB3E00BFB014 /* Light.h */,
				E01FB2FE1A350EEC0061B5AD /* Material.h */,
			);
			path = GameEngine;
			sourceTree = "<group>";
		};
		E0484E321A2766080032978D /* GLUtils */ = {
			isa = PBXGroup;
			children = (
				E02EDEE01A2E507B009467C7 /* lodepng.cpp */,
				E02EDEE11A2E507B009467C7 /* lodepng.h */,
				E0484E331A2766080032978D /* GLUtils.cpp */,
				E0484E341A2766080032978D /* GLUtils.h */,
			);
			name = GLUtils;
			path = GameEngine/GLUtils/GLUtils;
			sourceTree = "<group>";
		};
/* End PBXGroup section */

/* Begin PBXNativeTarget section */
		E0484E1A1A27631B0032978D /* GameEngine */ = {
			isa = PBXNativeTarget;
			buildConfigurationList = E0484E221A27631B0032978D /* Build configuration list for PBXNativeTarget "GameEngine" */;
			buildPhases = (
				E0484E171A27631B0032978D /* Sources */,
				E0484E181A27631B0032978D /* Frameworks */,
				E0484E191A27631B0032978D /* CopyFiles */,
			);
			buildRules = (
			);
			dependencies = (
			);
			name = GameEngine;
			productName = Renderer;
			productReference = E0484E1B1A27631B0032978D /* GameEngine */;
			productType = "com.apple.product-type.tool";
		};
/* End PBXNativeTarget section */

/* Begin PBXProject section */
		E0484E131A27631B0032978D /* Project object */ = {
			isa = PBXProject;
			attributes = {
				LastUpgradeCheck = 0610;
				ORGANIZATIONNAME = "Gabriele Carrettoni";
				TargetAttributes = {
					E0484E1A1A27631B0032978D = {
						CreatedOnToolsVersion = 6.1;
					};
				};
			};
			buildConfigurationList = E0484E161A27631B0032978D /* Build configuration list for PBXProject "GameEngine" */;
			compatibilityVersion = "Xcode 3.2";
			developmentRegion = English;
			hasScannedForEncodings = 0;
			knownRegions = (
				en,
			);
			mainGroup = E0484E121A27631B0032978D;
			productRefGroup = E0484E1C1A27631B0032978D /* Products */;
			projectDirPath = "";
			projectRoot = "";
			targets = (
				E0484E1A1A27631B0032978D /* GameEngine */,
			);
		};
/* End PBXProject section */

/* Begin PBXSourcesBuildPhase section */
		E0484E171A27631B0032978D /* Sources */ = {
			isa = PBXSourcesBuildPhase;
			buildActionMask = 2147483647;
			files = (
				E02EDEE21A2E507B009467C7 /* lodepng.cpp in Sources */,
				E0484E361A2766080032978D /* GLUtils.cpp in Sources */,
				E0D358AF1A326BE900E1CA5F /* main.cpp in Sources */,
			);
			runOnlyForDeploymentPostprocessing = 0;
		};
/* End PBXSourcesBuildPhase section */

/* Begin XCBuildConfiguration section */
		E0484E201A27631B0032978D /* Debug */ = {
			isa = XCBuildConfiguration;
			buildSettings = {
				ALWAYS_SEARCH_USER_PATHS = NO;
				CLANG_CXX_LANGUAGE_STANDARD = "gnu++0x";
				CLANG_CXX_LIBRARY = "libc++";
				CLANG_ENABLE_MODULES = YES;
				CLANG_ENABLE_OBJC_ARC = YES;
				CLANG_WARN_BOOL_CONVERSION = YES;
				CLANG_WARN_CONSTANT_CONVERSION = YES;
				CLANG_WARN_DIRECT_OBJC_ISA_USAGE = YES_ERROR;
				CLANG_WARN_EMPTY_BODY = YES;
				CLANG_WARN_ENUM_CONVERSION = YES;
				CLANG_WARN_INT_CONVERSION = YES;
				CLANG_WARN_OBJC_ROOT_CLASS = YES_ERROR;
				CLANG_WARN_UNREACHABLE_CODE = YES;
				CLANG_WARN__DUPLICATE_METHOD_MATCH = YES;
				COPY_PHASE_STRIP = NO;
				ENABLE_STRICT_OBJC_MSGSEND = YES;
				GCC_C_LANGUAGE_STANDARD = gnu99;
				GCC_DYNAMIC_NO_PIC = NO;
				GCC_OPTIMIZATION_LEVEL = 0;
				GCC_PREPROCESSOR_DEFINITIONS = (
					"DEBUG=1",
					"$(inherited)",
				);
				GCC_SYMBOLS_PRIVATE_EXTERN = NO;
				GCC_WARN_64_TO_32_BIT_CONVERSION = YES;
				GCC_WARN_ABOUT_RETURN_TYPE = YES_ERROR;
				GCC_WARN_UNDECLARED_SELECTOR = YES;
				GCC_WARN_UNINITIALIZED_AUTOS = YES_AGGRESSIVE;
				GCC_WARN_UNUSED_FUNCTION = YES;
				GCC_WARN_UNUSED_VARIABLE = YES;
				MACOSX_DEPLOYMENT_TARGET = 10.10;
				MTL_ENABLE_DEBUG_INFO = YES;
				ONLY_ACTIVE_ARCH = YES;
				SDKROOT = macosx;
			};
			name = Debug;
		};
		E0484E211A27631B0032978D /* Release */ = {
			isa = XCBuildConfiguration;
			buildSettings = {
				ALWAYS_SEARCH_USER_PATHS = NO;
				CLANG_CXX_LANGUAGE_STANDARD = "gnu++0x";
				CLANG_CXX_LIBRARY = "libc++";
				CLANG_ENABLE_MODULES = YES;
				CLANG_ENABLE_OBJC_ARC = YES;
				CLANG_WARN_BOOL_CONVERSION = YES;
				CLANG_WARN_CONSTANT_CONVERSION = YES;
				CLANG_WARN_DIRECT_OBJC_ISA_USAGE = YES_ERROR;
				CLANG_WARN_EMPTY_BODY = YES;
				CLANG_WARN_ENUM_CONVERSION = YES;
				CLANG_WARN_INT_CONVERSION = YES;
				CLANG_WARN_OBJC_ROOT_CLASS = YES_ERROR;
				CLANG_WARN_UNREACHABLE_CODE = YES;
				CLANG_WARN__DUPLICATE_METHOD_MATCH = YES;
				COPY_PHASE_STRIP = YES;
				DEBUG_INFORMATION_FORMAT = "dwarf-with-dsym";
				ENABLE_NS_ASSERTIONS = NO;
				ENABLE_STRICT_OBJC_MSGSEND = YES;
				GCC_C_LANGUAGE_STANDARD = gnu99;
				GCC_WARN_64_TO_32_BIT_CONVERSION = YES;
				GCC_WARN_ABOUT_RETURN_TYPE = YES_ERROR;
				GCC_WARN_UNDECLARED_SELECTOR = YES;
				GCC_WARN_UNINITIALIZED_AUTOS = YES_AGGRESSIVE;
				GCC_WARN_UNUSED_FUNCTION = YES;
				GCC_WARN_UNUSED_VARIABLE = YES;
				MACOSX_DEPLOYMENT_TARGET = 10.10;
				MTL_ENABLE_DEBUG_INFO = NO;
				SDKROOT = macosx;
			};
			name = Release;
		};
		E0484E231A27631B0032978D /* Debug */ = {
			isa = XCBuildConfiguration;
			buildSettings = {
				ALWAYS_SEARCH_USER_PATHS = YES;
				LIBRARY_SEARCH_PATHS = (
					"$(inherited)",
					/usr/local/Cellar/glew/1.11.0/lib,
					/usr/local/Cellar/glfw3/3.0.4/lib,
					/usr/local/Cellar/assimp/3.1.1/lib,
				);
				PRODUCT_NAME = GameEngine;
				USER_HEADER_SEARCH_PATHS = "/usr/local/include /Users/Gabriele/Esperimenti/mathfu/include /Users/Gabriele/Esperimenti/mathfu/dependencies/vectorial/include";
			};
			name = Debug;
		};
		E0484E241A27631B0032978D /* Release */ = {
			isa = XCBuildConfiguration;
			buildSettings = {
				ALWAYS_SEARCH_USER_PATHS = YES;
				LIBRARY_SEARCH_PATHS = (
					"$(inherited)",
					/usr/local/Cellar/glew/1.11.0/lib,
					/usr/local/Cellar/glfw3/3.0.4/lib,
					/usr/local/Cellar/assimp/3.1.1/lib,
				);
				PRODUCT_NAME = GameEngine;
				USER_HEADER_SEARCH_PATHS = "/usr/local/include /Users/Gabriele/Esperimenti/mathfu/include /Users/Gabriele/Esperimenti/mathfu/dependencies/vectorial/include";
			};
			name = Release;
		};
/* End XCBuildConfiguration section */

/* Begin XCConfigurationList section */
		E0484E161A27631B0032978D /* Build configuration list for PBXProject "GameEngine" */ = {
			isa = XCConfigurationList;
			buildConfigurations = (
				E0484E201A27631B0032978D /* Debug */,
				E0484E211A27631B0032978D /* Release */,
			);
			defaultConfigurationIsVisible = 0;
			defaultConfigurationName = Release;
		};
		E0484E221A27631B0032978D /* Build configuration list for PBXNativeTarget "GameEngine" */ = {
			isa = XCConfigurationList;
			buildConfigurations = (
				E0484E231A27631B0032978D /* Debug */,
				E0484E241A27631B0032978D /* Release */,
			);
			defaultConfigurationIsVisible = 0;
			defaultConfigurationName = Release;
		};
/* End XCConfigurationList section */
	};
	rootObject = E0484E131A27631B0032978D /* Project object */;
}
